
Microsoft Visual Studio Solution File, Format Version 12.00
# Visual Studio 15
VisualStudioVersion = 15.0.27004.2002
MinimumVisualStudioVersion = 10.0.40219.1
Project("{FAE04EC0-301F-11D3-BF4B-00C04F79EFBC}") = "ProjectStatistics", "ProjectStatistics\ProjectStatistics.csproj", "{3523B16A-027F-4016-913E-F32C38A26F06}"
EndProject
Project("{2150E333-8FDC-42A3-9474-1A3956D46DE8}") = "Messages", "Messages", "{C4411408-0DD0-45A2-BA3C-71229B49D352}"
EndProject
Project("{FAE04EC0-301F-11D3-BF4B-00C04F79EFBC}") = "Messages", "Messages\Messages\Messages.csproj", "{D0BDF192-7A1F-49EF-8DCC-938F423124EA}"
EndProject
Project("{2150E333-8FDC-42A3-9474-1A3956D46DE8}") = "WPFHelper", "WPFHelper", "{9203B65C-F9BD-49D3-B2BD-FA09B7A74ED9}"
EndProject
Project("{FAE04EC0-301F-11D3-BF4B-00C04F79EFBC}") = "WPFHelper", "WPFHelper\WPFHelper\WPFHelper.csproj", "{3B81ABFD-94DA-4261-9883-1FD28740DF46}"
EndProject
Project("{2150E333-8FDC-42A3-9474-1A3956D46DE8}") = "Common", "Common", "{F40F8CC2-437B-4A20-B4DE-378CDA3924E0}"
EndProject
Project("{2150E333-8FDC-42A3-9474-1A3956D46DE8}") = "BaseObjects", "BaseObjects", "{1C47BCB7-EA61-4AA1-BC7F-98612F6BF239}"
EndProject
Project("{FAE04EC0-301F-11D3-BF4B-00C04F79EFBC}") = "BaseObjects", "BaseObjects\BaseObjects\BaseObjects.csproj", "{08E25E21-9DEA-4691-AFB3-0B15DB0382DE}"
EndProject
Project("{FAE04EC0-301F-11D3-BF4B-00C04F79EFBC}") = "BasicInfirmationProject", "Common\BasicInfirmationProject\BasicInfirmationProject.csproj", "{388BA5B5-CD44-4D73-87C5-E3F68F53CB80}"
EndProject
Project("{FAE04EC0-301F-11D3-BF4B-00C04F79EFBC}") = "Converters", "Common\Converters\Converters.csproj", "{B0577AE8-016D-49CD-A7B1-5B6B405BBAD4}"
EndProject
Project("{FAE04EC0-301F-11D3-BF4B-00C04F79EFBC}") = "IBaseObjects", "BaseObjects\IBaseObjects\IBaseObjects.csproj", "{851DC93B-3937-4715-AF0B-243F76442F91}"
EndProject
Project("{2150E333-8FDC-42A3-9474-1A3956D46DE8}") = "Football", "Football", "{32F29FA9-6E43-40CF-8F2B-50AADF3EDB02}"
EndProject
Project("{FAE04EC0-301F-11D3-BF4B-00C04F79EFBC}") = "IFootball", "Football\IFootball\IFootball.csproj", "{AC2E1BA5-E4DC-45FE-A53C-EC8763205ED7}"
EndProject
Project("{FAE04EC0-301F-11D3-BF4B-00C04F79EFBC}") = "Football", "Football\Football\Football.csproj", "{BD1D2403-FAD6-482F-B7FF-11D318C86071}"
EndProject
Project("{FAE04EC0-301F-11D3-BF4B-00C04F79EFBC}") = "FootballControls", "Football\FootballControls\FootballControls.csproj", "{8DF8D50C-0777-4B49-B5EB-EAEC1A2CFC5B}"
EndProject
Project("{FAE04EC0-301F-11D3-BF4B-00C04F79EFBC}") = "BaseComponents", "BaseObjects\BaseComponents\BaseComponents.csproj", "{2CD95632-9AE1-4B99-B92E-CD71B29C0C20}"
EndProject
Global
	GlobalSection(SolutionConfigurationPlatforms) = preSolution
		Debug|Any CPU = Debug|Any CPU
		Release|Any CPU = Release|Any CPU
	EndGlobalSection
	GlobalSection(ProjectConfigurationPlatforms) = postSolution
		{3523B16A-027F-4016-913E-F32C38A26F06}.Debug|Any CPU.ActiveCfg = Debug|Any CPU
		{3523B16A-027F-4016-913E-F32C38A26F06}.Debug|Any CPU.Build.0 = Debug|Any CPU
		{3523B16A-027F-4016-913E-F32C38A26F06}.Release|Any CPU.ActiveCfg = Release|Any CPU
		{3523B16A-027F-4016-913E-F32C38A26F06}.Release|Any CPU.Build.0 = Release|Any CPU
		{D0BDF192-7A1F-49EF-8DCC-938F423124EA}.Debug|Any CPU.ActiveCfg = Debug|Any CPU
		{D0BDF192-7A1F-49EF-8DCC-938F423124EA}.Debug|Any CPU.Build.0 = Debug|Any CPU
		{D0BDF192-7A1F-49EF-8DCC-938F423124EA}.Release|Any CPU.ActiveCfg = Release|Any CPU
		{D0BDF192-7A1F-49EF-8DCC-938F423124EA}.Release|Any CPU.Build.0 = Release|Any CPU
		{3B81ABFD-94DA-4261-9883-1FD28740DF46}.Debug|Any CPU.ActiveCfg = Debug|Any CPU
		{3B81ABFD-94DA-4261-9883-1FD28740DF46}.Debug|Any CPU.Build.0 = Debug|Any CPU
		{3B81ABFD-94DA-4261-9883-1FD28740DF46}.Release|Any CPU.ActiveCfg = Release|Any CPU
		{3B81ABFD-94DA-4261-9883-1FD28740DF46}.Release|Any CPU.Build.0 = Release|Any CPU
		{08E25E21-9DEA-4691-AFB3-0B15DB0382DE}.Debug|Any CPU.ActiveCfg = Debug|Any CPU
		{08E25E21-9DEA-4691-AFB3-0B15DB0382DE}.Debug|Any CPU.Build.0 = Debug|Any CPU
		{08E25E21-9DEA-4691-AFB3-0B15DB0382DE}.Release|Any CPU.ActiveCfg = Release|Any CPU
		{08E25E21-9DEA-4691-AFB3-0B15DB0382DE}.Release|Any CPU.Build.0 = Release|Any CPU
		{388BA5B5-CD44-4D73-87C5-E3F68F53CB80}.Debug|Any CPU.ActiveCfg = Debug|Any CPU
		{388BA5B5-CD44-4D73-87C5-E3F68F53CB80}.Debug|Any CPU.Build.0 = Debug|Any CPU
		{388BA5B5-CD44-4D73-87C5-E3F68F53CB80}.Release|Any CPU.ActiveCfg = Release|Any CPU
		{388BA5B5-CD44-4D73-87C5-E3F68F53CB80}.Release|Any CPU.Build.0 = Release|Any CPU
		{B0577AE8-016D-49CD-A7B1-5B6B405BBAD4}.Debug|Any CPU.ActiveCfg = Debug|Any CPU
		{B0577AE8-016D-49CD-A7B1-5B6B405BBAD4}.Debug|Any CPU.Build.0 = Debug|Any CPU
		{B0577AE8-016D-49CD-A7B1-5B6B405BBAD4}.Release|Any CPU.ActiveCfg = Release|Any CPU
		{B0577AE8-016D-49CD-A7B1-5B6B405BBAD4}.Release|Any CPU.Build.0 = Release|Any CPU
		{851DC93B-3937-4715-AF0B-243F76442F91}.Debug|Any CPU.ActiveCfg = Debug|Any CPU
		{851DC93B-3937-4715-AF0B-243F76442F91}.Debug|Any CPU.Build.0 = Debug|Any CPU
		{851DC93B-3937-4715-AF0B-243F76442F91}.Release|Any CPU.ActiveCfg = Release|Any CPU
		{851DC93B-3937-4715-AF0B-243F76442F91}.Release|Any CPU.Build.0 = Release|Any CPU
		{AC2E1BA5-E4DC-45FE-A53C-EC8763205ED7}.Debug|Any CPU.ActiveCfg = Debug|Any CPU
		{AC2E1BA5-E4DC-45FE-A53C-EC8763205ED7}.Debug|Any CPU.Build.0 = Debug|Any CPU
		{AC2E1BA5-E4DC-45FE-A53C-EC8763205ED7}.Release|Any CPU.ActiveCfg = Release|Any CPU
		{AC2E1BA5-E4DC-45FE-A53C-EC8763205ED7}.Release|Any CPU.Build.0 = Release|Any CPU
		{BD1D2403-FAD6-482F-B7FF-11D318C86071}.Debug|Any CPU.ActiveCfg = Debug|Any CPU
		{BD1D2403-FAD6-482F-B7FF-11D318C86071}.Debug|Any CPU.Build.0 = Debug|Any CPU
		{BD1D2403-FAD6-482F-B7FF-11D318C86071}.Release|Any CPU.ActiveCfg = Release|Any CPU
		{BD1D2403-FAD6-482F-B7FF-11D318C86071}.Release|Any CPU.Build.0 = Release|Any CPU
		{8DF8D50C-0777-4B49-B5EB-EAEC1A2CFC5B}.Debug|Any CPU.ActiveCfg = Debug|Any CPU
		{8DF8D50C-0777-4B49-B5EB-EAEC1A2CFC5B}.Debug|Any CPU.Build.0 = Debug|Any CPU
		{8DF8D50C-0777-4B49-B5EB-EAEC1A2CFC5B}.Release|Any CPU.ActiveCfg = Release|Any CPU
		{8DF8D50C-0777-4B49-B5EB-EAEC1A2CFC5B}.Release|Any CPU.Build.0 = Release|Any CPU
		{2CD95632-9AE1-4B99-B92E-CD71B29C0C20}.Debug|Any CPU.ActiveCfg = Debug|Any CPU
		{2CD95632-9AE1-4B99-B92E-CD71B29C0C20}.Debug|Any CPU.Build.0 = Debug|Any CPU
		{2CD95632-9AE1-4B99-B92E-CD71B29C0C20}.Release|Any CPU.ActiveCfg = Release|Any CPU
		{2CD95632-9AE1-4B99-B92E-CD71B29C0C20}.Release|Any CPU.Build.0 = Release|Any CPU
	EndGlobalSection
	GlobalSection(SolutionProperties) = preSolution
		HideSolutionNode = FALSE
	EndGlobalSection
	GlobalSection(NestedProjects) = preSolution
		{D0BDF192-7A1F-49EF-8DCC-938F423124EA} = {C4411408-0DD0-45A2-BA3C-71229B49D352}
		{3B81ABFD-94DA-4261-9883-1FD28740DF46} = {9203B65C-F9BD-49D3-B2BD-FA09B7A74ED9}
		{08E25E21-9DEA-4691-AFB3-0B15DB0382DE} = {1C47BCB7-EA61-4AA1-BC7F-98612F6BF239}
		{388BA5B5-CD44-4D73-87C5-E3F68F53CB80} = {F40F8CC2-437B-4A20-B4DE-378CDA3924E0}
		{B0577AE8-016D-49CD-A7B1-5B6B405BBAD4} = {F40F8CC2-437B-4A20-B4DE-378CDA3924E0}
		{851DC93B-3937-4715-AF0B-243F76442F91} = {1C47BCB7-EA61-4AA1-BC7F-98612F6BF239}
		{AC2E1BA5-E4DC-45FE-A53C-EC8763205ED7} = {32F29FA9-6E43-40CF-8F2B-50AADF3EDB02}
		{BD1D2403-FAD6-482F-B7FF-11D318C86071} = {32F29FA9-6E43-40CF-8F2B-50AADF3EDB02}
		{8DF8D50C-0777-4B49-B5EB-EAEC1A2CFC5B} = {32F29FA9-6E43-40CF-8F2B-50AADF3EDB02}
		{2CD95632-9AE1-4B99-B92E-CD71B29C0C20} = {1C47BCB7-EA61-4AA1-BC7F-98612F6BF239}
	EndGlobalSection
	GlobalSection(ExtensibilityGlobals) = postSolution
		SolutionGuid = {A19244D1-07AF-442B-8853-FE18B7AECF4F}
	EndGlobalSection
EndGlobal
